{
    "_readme": [
        "This file locks the dependencies of your project to a known state",
        "Read more about it at http://getcomposer.org/doc/01-basic-usage.md#composer-lock-the-lock-file",
        "This file is @generated automatically"
    ],
    "hash": "3272d8bdf896c62bb62b51c9505c29a8",
    "packages": [
        {
            "name": "segmentio/analytics-php",
            "version": "1.0.3",
            "source": {
                "type": "git",
                "url": "https://github.com/segmentio/analytics-php.git",
                "reference": "9b7eb49ae5c87ac63ba376c9f5f65189da755038"
            },
            "dist": {
                "type": "zip",
                "url": "https://api.github.com/repos/segmentio/analytics-php/zipball/9b7eb49ae5c87ac63ba376c9f5f65189da755038",
                "reference": "9b7eb49ae5c87ac63ba376c9f5f65189da755038",
                "shasum": ""
            },
            "require": {
                "php": ">=5.3"
            },
            "require-dev": {
                "phpunit/phpunit": "3.7.*"
            },
            "type": "library",
            "autoload": {
                "files": [
                    "lib/Segment.php"
                ]
            },
            "notification-url": "https://packagist.org/downloads/",
            "license": [
                "MIT"
            ],
            "authors": [
                {
                    "name": "Segment.io <friends@segment.io>",
                    "homepage": "https://segment.io/"
                }
            ],
            "description": "Segmentio Analytics PHP Library",
            "homepage": "https://segment.io/libraries/php",
            "keywords": [
                "analytics",
                "analytics.js",
                "segmentio"
            ],
            "time": "2014-10-14 16:53:45"
        }
    ],
    "packages-dev": [],
    "aliases": [],
    "minimum-stability": "stable",
    "stability-flags": [],
    "prefer-stable": false,
    "platform": {
        "php": ">=5.4"
    },
    "platform-dev": []
}
